
Microsoft Visual Studio Solution File, Format Version 11.00
# Visual Studio 2010
Project("{FAE04EC0-301F-11D3-BF4B-00C04F79EFBC}") = "CSS358_MP6_Demo", "Assembly-CSharp.csproj", "{AC230EAB-259E-9E33-B531-C95FEC953FFF}"
EndProject
Project("{FAE04EC0-301F-11D3-BF4B-00C04F79EFBC}") = "CSS358_MP6_Demo", "Assembly-CSharp-Editor.csproj", "{58611287-1FB7-374C-B8D7-E53F7C30E221}"
EndProject
Global
	GlobalSection(SolutionConfigurationPlatforms) = preSolution
		Debug|Any CPU = Debug|Any CPU
		Release|Any CPU = Release|Any CPU
	EndGlobalSection
	GlobalSection(ProjectConfigurationPlatforms) = postSolution
		{AC230EAB-259E-9E33-B531-C95FEC953FFF}.Debug|Any CPU.ActiveCfg = Debug|Any CPU
		{AC230EAB-259E-9E33-B531-C95FEC953FFF}.Debug|Any CPU.Build.0 = Debug|Any CPU
		{AC230EAB-259E-9E33-B531-C95FEC953FFF}.Release|Any CPU.ActiveCfg = Release|Any CPU
		{AC230EAB-259E-9E33-B531-C95FEC953FFF}.Release|Any CPU.Build.0 = Release|Any CPU
		{58611287-1FB7-374C-B8D7-E53F7C30E221}.Debug|Any CPU.ActiveCfg = Debug|Any CPU
		{58611287-1FB7-374C-B8D7-E53F7C30E221}.Debug|Any CPU.Build.0 = Debug|Any CPU
		{58611287-1FB7-374C-B8D7-E53F7C30E221}.Release|Any CPU.ActiveCfg = Release|Any CPU
		{58611287-1FB7-374C-B8D7-E53F7C30E221}.Release|Any CPU.Build.0 = Release|Any CPU
	EndGlobalSection
	GlobalSection(SolutionProperties) = preSolution
		HideSolutionNode = FALSE
	EndGlobalSection
	GlobalSection(MonoDevelopProperties) = preSolution
		StartupItem = Assembly-CSharp.csproj
	EndGlobalSection
EndGlobal
