
Microsoft Visual Studio Solution File, Format Version 12.00
# Visual Studio 2017
Project("{FAE04EC0-301F-11D3-BF4B-00C04F79EFBC}") = "CSS385_MP5_ParticlePrototype.Plugins", "CSS385_MP5_ParticlePrototype.Plugins.csproj", "{EA254AF0-672C-D0C1-8DF2-68650DBBBEFE}"
EndProject
Project("{FAE04EC0-301F-11D3-BF4B-00C04F79EFBC}") = "CSS385_MP5_ParticlePrototype", "CSS385_MP5_ParticlePrototype.csproj", "{C9B263FC-7E8B-6C27-EC4F-76F8BCF354B0}"
EndProject
Project("{FAE04EC0-301F-11D3-BF4B-00C04F79EFBC}") = "CSS385_MP5_ParticlePrototype.Editor.Plugins", "CSS385_MP5_ParticlePrototype.Editor.Plugins.csproj", "{252B3979-E8E4-9317-80E0-B8029290109F}"
EndProject
Global
	GlobalSection(SolutionConfigurationPlatforms) = preSolution
		Debug|Any CPU = Debug|Any CPU
		Release|Any CPU = Release|Any CPU
	EndGlobalSection
	GlobalSection(ProjectConfigurationPlatforms) = postSolution
		{EA254AF0-672C-D0C1-8DF2-68650DBBBEFE}.Debug|Any CPU.ActiveCfg = Debug|Any CPU
		{EA254AF0-672C-D0C1-8DF2-68650DBBBEFE}.Debug|Any CPU.Build.0 = Debug|Any CPU
		{EA254AF0-672C-D0C1-8DF2-68650DBBBEFE}.Release|Any CPU.ActiveCfg = Release|Any CPU
		{EA254AF0-672C-D0C1-8DF2-68650DBBBEFE}.Release|Any CPU.Build.0 = Release|Any CPU
		{C9B263FC-7E8B-6C27-EC4F-76F8BCF354B0}.Debug|Any CPU.ActiveCfg = Debug|Any CPU
		{C9B263FC-7E8B-6C27-EC4F-76F8BCF354B0}.Debug|Any CPU.Build.0 = Debug|Any CPU
		{C9B263FC-7E8B-6C27-EC4F-76F8BCF354B0}.Release|Any CPU.ActiveCfg = Release|Any CPU
		{C9B263FC-7E8B-6C27-EC4F-76F8BCF354B0}.Release|Any CPU.Build.0 = Release|Any CPU
		{252B3979-E8E4-9317-80E0-B8029290109F}.Debug|Any CPU.ActiveCfg = Debug|Any CPU
		{252B3979-E8E4-9317-80E0-B8029290109F}.Debug|Any CPU.Build.0 = Debug|Any CPU
		{252B3979-E8E4-9317-80E0-B8029290109F}.Release|Any CPU.ActiveCfg = Release|Any CPU
		{252B3979-E8E4-9317-80E0-B8029290109F}.Release|Any CPU.Build.0 = Release|Any CPU
	EndGlobalSection
	GlobalSection(SolutionProperties) = preSolution
		HideSolutionNode = FALSE
	EndGlobalSection
EndGlobal
