
Microsoft Visual Studio Solution File, Format Version 12.00
# Visual Studio 2015
Project("{FAE04EC0-301F-11D3-BF4B-00C04F79EFBC}") = "CSS385_MP5_ParticlePrototype.CSharp.Plugins", "CSS385_MP5_ParticlePrototype.CSharp.Plugins.csproj", "{FE2806D3-2DC4-B719-AD77-7DB6EECA2CE3}"
EndProject
Project("{FAE04EC0-301F-11D3-BF4B-00C04F79EFBC}") = "CSS385_MP5_ParticlePrototype.CSharp", "CSS385_MP5_ParticlePrototype.CSharp.csproj", "{EE165662-574D-C70E-8C13-0C8D9FA96F58}"
EndProject
Project("{FAE04EC0-301F-11D3-BF4B-00C04F79EFBC}") = "CSS385_MP5_ParticlePrototype.CSharp.Editor.Plugins", "CSS385_MP5_ParticlePrototype.CSharp.Editor.Plugins.csproj", "{F2A2D605-8228-B76B-AEBC-21CA697A9CF7}"
EndProject
Global
	GlobalSection(SolutionConfigurationPlatforms) = preSolution
		Debug|Any CPU = Debug|Any CPU
		Release|Any CPU = Release|Any CPU
	EndGlobalSection
	GlobalSection(ProjectConfigurationPlatforms) = postSolution
		{FE2806D3-2DC4-B719-AD77-7DB6EECA2CE3}.Debug|Any CPU.ActiveCfg = Debug|Any CPU
		{FE2806D3-2DC4-B719-AD77-7DB6EECA2CE3}.Debug|Any CPU.Build.0 = Debug|Any CPU
		{FE2806D3-2DC4-B719-AD77-7DB6EECA2CE3}.Release|Any CPU.ActiveCfg = Release|Any CPU
		{FE2806D3-2DC4-B719-AD77-7DB6EECA2CE3}.Release|Any CPU.Build.0 = Release|Any CPU
		{EE165662-574D-C70E-8C13-0C8D9FA96F58}.Debug|Any CPU.ActiveCfg = Debug|Any CPU
		{EE165662-574D-C70E-8C13-0C8D9FA96F58}.Debug|Any CPU.Build.0 = Debug|Any CPU
		{EE165662-574D-C70E-8C13-0C8D9FA96F58}.Release|Any CPU.ActiveCfg = Release|Any CPU
		{EE165662-574D-C70E-8C13-0C8D9FA96F58}.Release|Any CPU.Build.0 = Release|Any CPU
		{F2A2D605-8228-B76B-AEBC-21CA697A9CF7}.Debug|Any CPU.ActiveCfg = Debug|Any CPU
		{F2A2D605-8228-B76B-AEBC-21CA697A9CF7}.Debug|Any CPU.Build.0 = Debug|Any CPU
		{F2A2D605-8228-B76B-AEBC-21CA697A9CF7}.Release|Any CPU.ActiveCfg = Release|Any CPU
		{F2A2D605-8228-B76B-AEBC-21CA697A9CF7}.Release|Any CPU.Build.0 = Release|Any CPU
	EndGlobalSection
	GlobalSection(SolutionProperties) = preSolution
		HideSolutionNode = FALSE
	EndGlobalSection
EndGlobal
